// !$*UTF8*$!
{
	archiveVersion = 1;
	classes = {
	};
	objectVersion = 50;
	objects = {

/* Begin PBXBuildFile section */
		9CC6BE6E26C6BA7E00C79936 /* AppDelegate.swift in Sources */ = {isa = PBXBuildFile; fileRef = 9CC6BE6D26C6BA7E00C79936 /* AppDelegate.swift */; };
		9CC6BE7026C6BA7E00C79936 /* SceneDelegate.swift in Sources */ = {isa = PBXBuildFile; fileRef = 9CC6BE6F26C6BA7E00C79936 /* SceneDelegate.swift */; };
		9CC6BE7226C6BA7E00C79936 /* RootViewController.swift in Sources */ = {isa = PBXBuildFile; fileRef = 9CC6BE7126C6BA7E00C79936 /* RootViewController.swift */; };
		9CC6BE7526C6BA7E00C79936 /* RootViewController.storyboard in Resources */ = {isa = PBXBuildFile; fileRef = 9CC6BE7326C6BA7E00C79936 /* RootViewController.storyboard */; };
		9CC6BE7726C6BA8800C79936 /* Assets.xcassets in Resources */ = {isa = PBXBuildFile; fileRef = 9CC6BE7626C6BA8800C79936 /* Assets.xcassets */; };
		9CC6BE7A26C6BA8800C79936 /* LaunchScreen.storyboard in Resources */ = {isa = PBXBuildFile; fileRef = 9CC6BE7826C6BA8800C79936 /* LaunchScreen.storyboard */; };
/* End PBXBuildFile section */

/* Begin PBXFileReference section */
		9CC6BE6A26C6BA7E00C79936 /* RotationControl.app */ = {isa = PBXFileReference; explicitFileType = wrapper.application; includeInIndex = 0; path = RotationControl.app; sourceTree = BUILT_PRODUCTS_DIR; };
		9CC6BE6D26C6BA7E00C79936 /* AppDelegate.swift */ = {isa = PBXFileReference; lastKnownFileType = sourcecode.swift; path = AppDelegate.swift; sourceTree = "<group>"; };
		9CC6BE6F26C6BA7E00C79936 /* SceneDelegate.swift */ = {isa = PBXFileReference; lastKnownFileType = sourcecode.swift; path = SceneDelegate.swift; sourceTree = "<group>"; };
		9CC6BE7126C6BA7E00C79936 /* RootViewController.swift */ = {isa = PBXFileReference; lastKnownFileType = sourcecode.swift; path = RootViewController.swift; sourceTree = "<group>"; };
		9CC6BE7426C6BA7E00C79936 /* Base */ = {isa = PBXFileReference; lastKnownFileType = file.storyboard; name = Base; path = Base.lproj/RootViewController.storyboard; sourceTree = "<group>"; };
		9CC6BE7626C6BA8800C79936 /* Assets.xcassets */ = {isa = PBXFileReference; lastKnownFileType = folder.assetcatalog; path = Assets.xcassets; sourceTree = "<group>"; };
		9CC6BE7926C6BA8800C79936 /* Base */ = {isa = PBXFileReference; lastKnownFileType = file.storyboard; name = Base; path = Base.lproj/LaunchScreen.storyboard; sourceTree = "<group>"; };
		9CC6BE7B26C6BA8800C79936 /* Info.plist */ = {isa = PBXFileReference; lastKnownFileType = text.plist.xml; path = Info.plist; sourceTree = "<group>"; };
/* End PBXFileReference section */

/* Begin PBXFrameworksBuildPhase section */
		9CC6BE6726C6BA7E00C79936 /* Frameworks */ = {
			isa = PBXFrameworksBuildPhase;
			buildActionMask = 2147483647;
			files = (
			);
			runOnlyForDeploymentPostprocessing = 0;
		};
/* End PBXFrameworksBuildPhase section */

/* Begin PBXGroup section */
		9C9FDAF226C7A44F0003AE4A /* ViewController */ = {
			isa = PBXGroup;
			children = (
				9CC6BE7126C6BA7E00C79936 /* RootViewController.swift */,
			);
			path = ViewController;
			sourceTree = "<group>";
		};
		9C9FDAF326C7A4580003AE4A /* Storyboard */ = {
			isa = PBXGroup;
			children = (
				9CC6BE7326C6BA7E00C79936 /* RootViewController.storyboard */,
			);
			path = Storyboard;
			sourceTree = "<group>";
		};
		9CC6BE6126C6BA7E00C79936 = {
			isa = PBXGroup;
			children = (
				9CC6BE6C26C6BA7E00C79936 /* RotationControl */,
				9CC6BE6B26C6BA7E00C79936 /* Products */,
			);
			sourceTree = "<group>";
		};
		9CC6BE6B26C6BA7E00C79936 /* Products */ = {
			isa = PBXGroup;
			children = (
				9CC6BE6A26C6BA7E00C79936 /* RotationControl.app */,
			);
			name = Products;
			sourceTree = "<group>";
		};
		9CC6BE6C26C6BA7E00C79936 /* RotationControl */ = {
			isa = PBXGroup;
			children = (
				9C9FDAF326C7A4580003AE4A /* Storyboard */,
				9C9FDAF226C7A44F0003AE4A /* ViewController */,
				9CC6BE6D26C6BA7E00C79936 /* AppDelegate.swift */,
				9CC6BE6F26C6BA7E00C79936 /* SceneDelegate.swift */,
				9CC6BE7626C6BA8800C79936 /* Assets.xcassets */,
				9CC6BE7826C6BA8800C79936 /* LaunchScreen.storyboard */,
				9CC6BE7B26C6BA8800C79936 /* Info.plist */,
			);
			path = RotationControl;
			sourceTree = "<group>";
		};
/* End PBXGroup section */

/* Begin PBXNativeTarget section */
		9CC6BE6926C6BA7E00C79936 /* RotationControl */ = {
			isa = PBXNativeTarget;
			buildConfigurationList = 9CC6BE7E26C6BA8800C79936 /* Build configuration list for PBXNativeTarget "RotationControl" */;
			buildPhases = (
				9CC6BE6626C6BA7E00C79936 /* Sources */,
				9CC6BE6726C6BA7E00C79936 /* Frameworks */,
				9CC6BE6826C6BA7E00C79936 /* Resources */,
			);
			buildRules = (
			);
			dependencies = (
			);
			name = RotationControl;
			productName = RotationControl;
			productReference = 9CC6BE6A26C6BA7E00C79936 /* RotationControl.app */;
			productType = "com.apple.product-type.application";
		};
/* End PBXNativeTarget section */

/* Begin PBXProject section */
		9CC6BE6226C6BA7E00C79936 /* Project object */ = {
			isa = PBXProject;
			attributes = {
				LastSwiftUpdateCheck = 1250;
				LastUpgradeCheck = 1250;
				TargetAttributes = {
					9CC6BE6926C6BA7E00C79936 = {
						CreatedOnToolsVersion = 12.5.1;
					};
				};
			};
			buildConfigurationList = 9CC6BE6526C6BA7E00C79936 /* Build configuration list for PBXProject "RotationControl" */;
			compatibilityVersion = "Xcode 9.3";
			developmentRegion = en;
			hasScannedForEncodings = 0;
			knownRegions = (
				en,
				Base,
			);
			mainGroup = 9CC6BE6126C6BA7E00C79936;
			productRefGroup = 9CC6BE6B26C6BA7E00C79936 /* Products */;
			projectDirPath = "";
			projectRoot = "";
			targets = (
				9CC6BE6926C6BA7E00C79936 /* RotationControl */,
			);
		};
/* End PBXProject section */

/* Begin PBXResourcesBuildPhase section */
		9CC6BE6826C6BA7E00C79936 /* Resources */ = {
			isa = PBXResourcesBuildPhase;
			buildActionMask = 2147483647;
			files = (
				9CC6BE7A26C6BA8800C79936 /* LaunchScreen.storyboard in Resources */,
				9CC6BE7726C6BA8800C79936 /* Assets.xcassets in Resources */,
				9CC6BE7526C6BA7E00C79936 /* RootViewController.storyboard in Resources */,
			);
			runOnlyForDeploymentPostprocessing = 0;
		};
/* End PBXResourcesBuildPhase section */

/* Begin PBXSourcesBuildPhase section */
		9CC6BE6626C6BA7E00C79936 /* Sources */ = {
			isa = PBXSourcesBuildPhase;
			buildActionMask = 2147483647;
			files = (
				9CC6BE7226C6BA7E00C79936 /* RootViewController.swift in Sources */,
				9CC6BE6E26C6BA7E00C79936 /* AppDelegate.swift in Sources */,
				9CC6BE7026C6BA7E00C79936 /* SceneDelegate.swift in Sources */,
			);
			runOnlyForDeploymentPostprocessing = 0;
		};
/* End PBXSourcesBuildPhase section */

/* Begin PBXVariantGroup section */
		9CC6BE7326C6BA7E00C79936 /* RootViewController.storyboard */ = {
			isa = PBXVariantGroup;
			children = (
				9CC6BE7426C6BA7E00C79936 /* Base */,
			);
			name = RootViewController.storyboard;
			sourceTree = "<group>";
		};
		9CC6BE7826C6BA8800C79936 /* LaunchScreen.storyboard */ = {
			isa = PBXVariantGroup;
			children = (
				9CC6BE7926C6BA8800C79936 /* Base */,
			);
			name = LaunchScreen.storyboard;
			sourceTree = "<group>";
		};
/* End PBXVariantGroup section */

/* Begin XCBuildConfiguration section */
		9CC6BE7C26C6BA8800C79936 /* Debug */ = {
			isa = XCBuildConfiguration;
			buildSettings = {
				ALWAYS_SEARCH_USER_PATHS = NO;
				CLANG_ANALYZER_NONNULL = YES;
				CLANG_ANALYZER_NUMBER_OBJECT_CONVERSION = YES_AGGRESSIVE;
				CLANG_CXX_LANGUAGE_STANDARD = "gnu++14";
				CLANG_CXX_LIBRARY = "libc++";
				CLANG_ENABLE_MODULES = YES;
				CLANG_ENABLE_OBJC_ARC = YES;
				CLANG_ENABLE_OBJC_WEAK = YES;
				CLANG_WARN_BLOCK_CAPTURE_AUTORELEASING = YES;
				CLANG_WARN_BOOL_CONVERSION = YES;
				CLANG_WARN_COMMA = YES;
				CLANG_WARN_CONSTANT_CONVERSION = YES;
				CLANG_WARN_DEPRECATED_OBJC_IMPLEMENTATIONS = YES;
				CLANG_WARN_DIRECT_OBJC_ISA_USAGE = YES_ERROR;
				CLANG_WARN_DOCUMENTATION_COMMENTS = YES;
				CLANG_WARN_EMPTY_BODY = YES;
				CLANG_WARN_ENUM_CONVERSION = YES;
				CLANG_WARN_INFINITE_RECURSION = YES;
				CLANG_WARN_INT_CONVERSION = YES;
				CLANG_WARN_NON_LITERAL_NULL_CONVERSION = YES;
				CLANG_WARN_OBJC_IMPLICIT_RETAIN_SELF = YES;
				CLANG_WARN_OBJC_LITERAL_CONVERSION = YES;
				CLANG_WARN_OBJC_ROOT_CLASS = YES_ERROR;
				CLANG_WARN_QUOTED_INCLUDE_IN_FRAMEWORK_HEADER = YES;
				CLANG_WARN_RANGE_LOOP_ANALYSIS = YES;
				CLANG_WARN_STRICT_PROTOTYPES = YES;
				CLANG_WARN_SUSPICIOUS_MOVE = YES;
				CLANG_WARN_UNGUARDED_AVAILABILITY = YES_AGGRESSIVE;
				CLANG_WARN_UNREACHABLE_CODE = YES;
				CLANG_WARN__DUPLICATE_METHOD_MATCH = YES;
				COPY_PHASE_STRIP = NO;
				DEBUG_INFORMATION_FORMAT = dwarf;
				ENABLE_STRICT_OBJC_MSGSEND = YES;
				ENABLE_TESTABILITY = YES;
				GCC_C_LANGUAGE_STANDARD = gnu11;
				GCC_DYNAMIC_NO_PIC = NO;
				GCC_NO_COMMON_BLOCKS = YES;
				GCC_OPTIMIZATION_LEVEL = 0;
				GCC_PREPROCESSOR_DEFINITIONS = (
					"DEBUG=1",
					"$(inherited)",
				);
				GCC_WARN_64_TO_32_BIT_CONVERSION = YES;
				GCC_WARN_ABOUT_RETURN_TYPE = YES_ERROR;
				GCC_WARN_UNDECLARED_SELECTOR = YES;
				GCC_WARN_UNINITIALIZED_AUTOS = YES_AGGRESSIVE;
				GCC_WARN_UNUSED_FUNCTION = YES;
				GCC_WARN_UNUSED_VARIABLE = YES;
				IPHONEOS_DEPLOYMENT_TARGET = 13.0;
				MTL_ENABLE_DEBUG_INFO = INCLUDE_SOURCE;
				MTL_FAST_MATH = YES;
				ONLY_ACTIVE_ARCH = YES;
				SDKROOT = iphoneos;
				SWIFT_ACTIVE_COMPILATION_CONDITIONS = DEBUG;
				SWIFT_OPTIMIZATION_LEVEL = "-Onone";
			};
			name = Debug;
		};
		9CC6BE7D26C6BA8800C79936 /* Release */ = {
			isa = XCBuildConfiguration;
			buildSettings = {
				ALWAYS_SEARCH_USER_PATHS = NO;
				CLANG_ANALYZER_NONNULL = YES;
				CLANG_ANALYZER_NUMBER_OBJECT_CONVERSION = YES_AGGRESSIVE;
				CLANG_CXX_LANGUAGE_STANDARD = "gnu++14";
				CLANG_CXX_LIBRARY = "libc++";
				CLANG_ENABLE_MODULES = YES;
				CLANG_ENABLE_OBJC_ARC = YES;
				CLANG_ENABLE_OBJC_WEAK = YES;
				CLANG_WARN_BLOCK_CAPTURE_AUTORELEASING = YES;
				CLANG_WARN_BOOL_CONVERSION = YES;
				CLANG_WARN_COMMA = YES;
				CLANG_WARN_CONSTANT_CONVERSION = YES;
				CLANG_WARN_DEPRECATED_OBJC_IMPLEMENTATIONS = YES;
				CLANG_WARN_DIRECT_OBJC_ISA_USAGE = YES_ERROR;
				CLANG_WARN_DOCUMENTATION_COMMENTS = YES;
				CLANG_WARN_EMPTY_BODY = YES;
				CLANG_WARN_ENUM_CONVERSION = YES;
				CLANG_WARN_INFINITE_RECURSION = YES;
				CLANG_WARN_INT_CONVERSION = YES;
				CLANG_WARN_NON_LITERAL_NULL_CONVERSION = YES;
				CLANG_WARN_OBJC_IMPLICIT_RETAIN_SELF = YES;
				CLANG_WARN_OBJC_LITERAL_CONVERSION = YES;
				CLANG_WARN_OBJC_ROOT_CLASS = YES_ERROR;
				CLANG_WARN_QUOTED_INCLUDE_IN_FRAMEWORK_HEADER = YES;
				CLANG_WARN_RANGE_LOOP_ANALYSIS = YES;
				CLANG_WARN_STRICT_PROTOTYPES = YES;
				CLANG_WARN_SUSPICIOUS_MOVE = YES;
				CLANG_WARN_UNGUARDED_AVAILABILITY = YES_AGGRESSIVE;
				CLANG_WARN_UNREACHABLE_CODE = YES;
				CLANG_WARN__DUPLICATE_METHOD_MATCH = YES;
				COPY_PHASE_STRIP = NO;
				DEBUG_INFORMATION_FORMAT = "dwarf-with-dsym";
				ENABLE_NS_ASSERTIONS = NO;
				ENABLE_STRICT_OBJC_MSGSEND = YES;
				GCC_C_LANGUAGE_STANDARD = gnu11;
				GCC_NO_COMMON_BLOCKS = YES;
				GCC_WARN_64_TO_32_BIT_CONVERSION = YES;
				GCC_WARN_ABOUT_RETURN_TYPE = YES_ERROR;
				GCC_WARN_UNDECLARED_SELECTOR = YES;
				GCC_WARN_UNINITIALIZED_AUTOS = YES_AGGRESSIVE;
				GCC_WARN_UNUSED_FUNCTION = YES;
				GCC_WARN_UNUSED_VARIABLE = YES;
				IPHONEOS_DEPLOYMENT_TARGET = 13.0;
				MTL_ENABLE_DEBUG_INFO = NO;
				MTL_FAST_MATH = YES;
				SDKROOT = iphoneos;
				SWIFT_COMPILATION_MODE = wholemodule;
				SWIFT_OPTIMIZATION_LEVEL = "-O";
				VALIDATE_PRODUCT = YES;
			};
			name = Release;
		};
		9CC6BE7F26C6BA8800C79936 /* Debug */ = {
			isa = XCBuildConfiguration;
			buildSettings = {
				ASSETCATALOG_COMPILER_APPICON_NAME = AppIcon;
				ASSETCATALOG_COMPILER_GLOBAL_ACCENT_COLOR_NAME = AccentColor;
				CODE_SIGN_STYLE = Automatic;
				DEVELOPMENT_TEAM = 2XL9QYTD77;
				INFOPLIST_FILE = RotationControl/Info.plist;
				LD_RUNPATH_SEARCH_PATHS = (
					"$(inherited)",
					"@executable_path/Frameworks",
				);
				PRODUCT_BUNDLE_IDENTIFIER = jp.shusuke.ota.RotationControl;
				PRODUCT_NAME = "$(TARGET_NAME)";
				SWIFT_VERSION = 5.0;
				TARGETED_DEVICE_FAMILY = "1,2";
			};
			name = Debug;
		};
		9CC6BE8026C6BA8800C79936 /* Release */ = {
			isa = XCBuildConfiguration;
			buildSettings = {
				ASSETCATALOG_COMPILER_APPICON_NAME = AppIcon;
				ASSETCATALOG_COMPILER_GLOBAL_ACCENT_COLOR_NAME = AccentColor;
				CODE_SIGN_STYLE = Automatic;
				DEVELOPMENT_TEAM = 2XL9QYTD77;
				INFOPLIST_FILE = RotationControl/Info.plist;
				LD_RUNPATH_SEARCH_PATHS = (
					"$(inherited)",
					"@executable_path/Frameworks",
				);
				PRODUCT_BUNDLE_IDENTIFIER = jp.shusuke.ota.RotationControl;
				PRODUCT_NAME = "$(TARGET_NAME)";
				SWIFT_VERSION = 5.0;
				TARGETED_DEVICE_FAMILY = "1,2";
			};
			name = Release;
		};
/* End XCBuildConfiguration section */

/* Begin XCConfigurationList section */
		9CC6BE6526C6BA7E00C79936 /* Build configuration list for PBXProject "RotationControl" */ = {
			isa = XCConfigurationList;
			buildConfigurations = (
				9CC6BE7C26C6BA8800C79936 /* Debug */,
				9CC6BE7D26C6BA8800C79936 /* Release */,
			);
			defaultConfigurationIsVisible = 0;
			defaultConfigurationName = Release;
		};
		9CC6BE7E26C6BA8800C79936 /* Build configuration list for PBXNativeTarget "RotationControl" */ = {
			isa = XCConfigurationList;
			buildConfigurations = (
				9CC6BE7F26C6BA8800C79936 /* Debug */,
				9CC6BE8026C6BA8800C79936 /* Release */,
			);
			defaultConfigurationIsVisible = 0;
			defaultConfigurationName = Release;
		};
/* End XCConfigurationList section */
	};
	rootObject = 9CC6BE6226C6BA7E00C79936 /* Project object */;
}
